
Microsoft Visual Studio Solution File, Format Version 12.00
# Visual Studio Version 16
VisualStudioVersion = 16.0.34301.259
MinimumVisualStudioVersion = 10.0.40219.1
Project("{FAE04EC0-301F-11D3-BF4B-00C04F79EFBC}") = "Test 2", "Test 2\Test 2.csproj", "{4230C9A7-4796-4564-9C0F-01B581B47845}"
EndProject
Global
	GlobalSection(SolutionConfigurationPlatforms) = preSolution
		Debug|Any CPU = Debug|Any CPU
		Release|Any CPU = Release|Any CPU
	EndGlobalSection
	GlobalSection(ProjectConfigurationPlatforms) = postSolution
		{4230C9A7-4796-4564-9C0F-01B581B47845}.Debug|Any CPU.ActiveCfg = Debug|Any CPU
		{4230C9A7-4796-4564-9C0F-01B581B47845}.Debug|Any CPU.Build.0 = Debug|Any CPU
		{4230C9A7-4796-4564-9C0F-01B581B47845}.Release|Any CPU.ActiveCfg = Release|Any CPU
		{4230C9A7-4796-4564-9C0F-01B581B47845}.Release|Any CPU.Build.0 = Release|Any CPU
	EndGlobalSection
	GlobalSection(SolutionProperties) = preSolution
		HideSolutionNode = FALSE
	EndGlobalSection
	GlobalSection(ExtensibilityGlobals) = postSolution
		SolutionGuid = {8974C4B0-88F8-444A-B9B1-EBC1D432F6CA}
	EndGlobalSection
EndGlobal
